
Microsoft Visual Studio Solution File, Format Version 12.00
# Visual Studio Version 16
VisualStudioVersion = 16.0.30114.105
MinimumVisualStudioVersion = 10.0.40219.1
Project("{2150E333-8FDC-42A3-9474-1A3956D46DE8}") = "Server", "Server", "{9B36E1D3-A203-4DC1-AF2D-99C1EDFF713F}"
EndProject
Project("{FAE04EC0-301F-11D3-BF4B-00C04F79EFBC}") = "API", "Server\API\API.csproj", "{58504237-F265-4B76-8E8E-1829475F5D8D}"
EndProject
Project("{FAE04EC0-301F-11D3-BF4B-00C04F79EFBC}") = "Domain", "Server\Domain\Domain.csproj", "{C9B6DF2D-6A76-4CDB-A9FE-F9CBF3F3DB6C}"
EndProject
Project("{FAE04EC0-301F-11D3-BF4B-00C04F79EFBC}") = "Application", "Server\Application\Application.csproj", "{39F90B5C-73F3-4F4C-8359-0F0B2ABB72C7}"
EndProject
Project("{FAE04EC0-301F-11D3-BF4B-00C04F79EFBC}") = "Infrastructure", "Server\Infrastructure\Infrastructure.csproj", "{E7271221-61C3-454F-B3EF-6EB95CBEBEBB}"
EndProject
Project("{2150E333-8FDC-42A3-9474-1A3956D46DE8}") = "Test", "Test", "{EC736401-99FD-4C7F-A8EE-B2D9EBC57315}"
EndProject
Project("{FAE04EC0-301F-11D3-BF4B-00C04F79EFBC}") = "IntegrationTests", "Server\Test\IntegrationTests\IntegrationTests.csproj", "{CD66D7F9-F4CF-44C8-8443-104B7E31D8F5}"
EndProject
Project("{FAE04EC0-301F-11D3-BF4B-00C04F79EFBC}") = "UnitTests", "Server\Test\UnitTests\UnitTests.csproj", "{1C76B2D4-9049-4E16-8C9A-4477DE8A46FE}"
EndProject
Global
	GlobalSection(SolutionConfigurationPlatforms) = preSolution
		Debug|Any CPU = Debug|Any CPU
		Release|Any CPU = Release|Any CPU
	EndGlobalSection
	GlobalSection(SolutionProperties) = preSolution
		HideSolutionNode = FALSE
	EndGlobalSection
	GlobalSection(ProjectConfigurationPlatforms) = postSolution
		{58504237-F265-4B76-8E8E-1829475F5D8D}.Debug|Any CPU.ActiveCfg = Debug|Any CPU
		{58504237-F265-4B76-8E8E-1829475F5D8D}.Debug|Any CPU.Build.0 = Debug|Any CPU
		{58504237-F265-4B76-8E8E-1829475F5D8D}.Release|Any CPU.ActiveCfg = Release|Any CPU
		{58504237-F265-4B76-8E8E-1829475F5D8D}.Release|Any CPU.Build.0 = Release|Any CPU
		{C9B6DF2D-6A76-4CDB-A9FE-F9CBF3F3DB6C}.Debug|Any CPU.ActiveCfg = Debug|Any CPU
		{C9B6DF2D-6A76-4CDB-A9FE-F9CBF3F3DB6C}.Debug|Any CPU.Build.0 = Debug|Any CPU
		{C9B6DF2D-6A76-4CDB-A9FE-F9CBF3F3DB6C}.Release|Any CPU.ActiveCfg = Release|Any CPU
		{C9B6DF2D-6A76-4CDB-A9FE-F9CBF3F3DB6C}.Release|Any CPU.Build.0 = Release|Any CPU
		{39F90B5C-73F3-4F4C-8359-0F0B2ABB72C7}.Debug|Any CPU.ActiveCfg = Debug|Any CPU
		{39F90B5C-73F3-4F4C-8359-0F0B2ABB72C7}.Debug|Any CPU.Build.0 = Debug|Any CPU
		{39F90B5C-73F3-4F4C-8359-0F0B2ABB72C7}.Release|Any CPU.ActiveCfg = Release|Any CPU
		{39F90B5C-73F3-4F4C-8359-0F0B2ABB72C7}.Release|Any CPU.Build.0 = Release|Any CPU
		{E7271221-61C3-454F-B3EF-6EB95CBEBEBB}.Debug|Any CPU.ActiveCfg = Debug|Any CPU
		{E7271221-61C3-454F-B3EF-6EB95CBEBEBB}.Debug|Any CPU.Build.0 = Debug|Any CPU
		{E7271221-61C3-454F-B3EF-6EB95CBEBEBB}.Release|Any CPU.ActiveCfg = Release|Any CPU
		{E7271221-61C3-454F-B3EF-6EB95CBEBEBB}.Release|Any CPU.Build.0 = Release|Any CPU
		{CD66D7F9-F4CF-44C8-8443-104B7E31D8F5}.Debug|Any CPU.ActiveCfg = Debug|Any CPU
		{CD66D7F9-F4CF-44C8-8443-104B7E31D8F5}.Debug|Any CPU.Build.0 = Debug|Any CPU
		{CD66D7F9-F4CF-44C8-8443-104B7E31D8F5}.Release|Any CPU.ActiveCfg = Release|Any CPU
		{CD66D7F9-F4CF-44C8-8443-104B7E31D8F5}.Release|Any CPU.Build.0 = Release|Any CPU
		{1C76B2D4-9049-4E16-8C9A-4477DE8A46FE}.Debug|Any CPU.ActiveCfg = Debug|Any CPU
		{1C76B2D4-9049-4E16-8C9A-4477DE8A46FE}.Debug|Any CPU.Build.0 = Debug|Any CPU
		{1C76B2D4-9049-4E16-8C9A-4477DE8A46FE}.Release|Any CPU.ActiveCfg = Release|Any CPU
		{1C76B2D4-9049-4E16-8C9A-4477DE8A46FE}.Release|Any CPU.Build.0 = Release|Any CPU
	EndGlobalSection
	GlobalSection(NestedProjects) = preSolution
		{58504237-F265-4B76-8E8E-1829475F5D8D} = {9B36E1D3-A203-4DC1-AF2D-99C1EDFF713F}
		{C9B6DF2D-6A76-4CDB-A9FE-F9CBF3F3DB6C} = {9B36E1D3-A203-4DC1-AF2D-99C1EDFF713F}
		{39F90B5C-73F3-4F4C-8359-0F0B2ABB72C7} = {9B36E1D3-A203-4DC1-AF2D-99C1EDFF713F}
		{E7271221-61C3-454F-B3EF-6EB95CBEBEBB} = {9B36E1D3-A203-4DC1-AF2D-99C1EDFF713F}
		{EC736401-99FD-4C7F-A8EE-B2D9EBC57315} = {9B36E1D3-A203-4DC1-AF2D-99C1EDFF713F}
		{CD66D7F9-F4CF-44C8-8443-104B7E31D8F5} = {EC736401-99FD-4C7F-A8EE-B2D9EBC57315}
		{1C76B2D4-9049-4E16-8C9A-4477DE8A46FE} = {EC736401-99FD-4C7F-A8EE-B2D9EBC57315}
	EndGlobalSection
EndGlobal
